// !$*UTF8*$!
{
	archiveVersion = 1;
	classes = {
	};
	objectVersion = 46;
	objects = {

/* Begin PBXBuildFile section */
		A31494F01D11CD1C007D34DD /* AppDelegate.swift in Sources */ = {isa = PBXBuildFile; fileRef = A31494EF1D11CD1C007D34DD /* AppDelegate.swift */; };
		A31494F21D11CD1C007D34DD /* ViewController.swift in Sources */ = {isa = PBXBuildFile; fileRef = A31494F11D11CD1C007D34DD /* ViewController.swift */; };
		A31494F51D11CD1C007D34DD /* Main.storyboard in Resources */ = {isa = PBXBuildFile; fileRef = A31494F31D11CD1C007D34DD /* Main.storyboard */; };
		A31494F81D11CD1C007D34DD /* webrequest_test.xcdatamodeld in Sources */ = {isa = PBXBuildFile; fileRef = A31494F61D11CD1C007D34DD /* webrequest_test.xcdatamodeld */; };
		A31494FA1D11CD1C007D34DD /* Assets.xcassets in Resources */ = {isa = PBXBuildFile; fileRef = A31494F91D11CD1C007D34DD /* Assets.xcassets */; };
		A31494FD1D11CD1C007D34DD /* LaunchScreen.storyboard in Resources */ = {isa = PBXBuildFile; fileRef = A31494FB1D11CD1C007D34DD /* LaunchScreen.storyboard */; };
		A326E38E1D1B00E400317AFD /* SWPerson.swift in Sources */ = {isa = PBXBuildFile; fileRef = A326E38D1D1B00E400317AFD /* SWPerson.swift */; };
/* End PBXBuildFile section */

/* Begin PBXFileReference section */
		A31494EC1D11CD1C007D34DD /* webrequest-test.app */ = {isa = PBXFileReference; explicitFileType = wrapper.application; includeInIndex = 0; path = "webrequest-test.app"; sourceTree = BUILT_PRODUCTS_DIR; };
		A31494EF1D11CD1C007D34DD /* AppDelegate.swift */ = {isa = PBXFileReference; lastKnownFileType = sourcecode.swift; path = AppDelegate.swift; sourceTree = "<group>"; };
		A31494F11D11CD1C007D34DD /* ViewController.swift */ = {isa = PBXFileReference; lastKnownFileType = sourcecode.swift; path = ViewController.swift; sourceTree = "<group>"; };
		A31494F41D11CD1C007D34DD /* Base */ = {isa = PBXFileReference; lastKnownFileType = file.storyboard; name = Base; path = Base.lproj/Main.storyboard; sourceTree = "<group>"; };
		A31494F71D11CD1C007D34DD /* webrequest_test.xcdatamodel */ = {isa = PBXFileReference; lastKnownFileType = wrapper.xcdatamodel; path = webrequest_test.xcdatamodel; sourceTree = "<group>"; };
		A31494F91D11CD1C007D34DD /* Assets.xcassets */ = {isa = PBXFileReference; lastKnownFileType = folder.assetcatalog; path = Assets.xcassets; sourceTree = "<group>"; };
		A31494FC1D11CD1C007D34DD /* Base */ = {isa = PBXFileReference; lastKnownFileType = file.storyboard; name = Base; path = Base.lproj/LaunchScreen.storyboard; sourceTree = "<group>"; };
		A31494FE1D11CD1C007D34DD /* Info.plist */ = {isa = PBXFileReference; lastKnownFileType = text.plist.xml; path = Info.plist; sourceTree = "<group>"; };
		A326E38D1D1B00E400317AFD /* SWPerson.swift */ = {isa = PBXFileReference; fileEncoding = 4; lastKnownFileType = sourcecode.swift; path = SWPerson.swift; sourceTree = "<group>"; };
/* End PBXFileReference section */

/* Begin PBXFrameworksBuildPhase section */
		A31494E91D11CD1C007D34DD /* Frameworks */ = {
			isa = PBXFrameworksBuildPhase;
			buildActionMask = 2147483647;
			files = (
			);
			runOnlyForDeploymentPostprocessing = 0;
		};
/* End PBXFrameworksBuildPhase section */

/* Begin PBXGroup section */
		A31494E31D11CD1C007D34DD = {
			isa = PBXGroup;
			children = (
				A31494EE1D11CD1C007D34DD /* webrequest-test */,
				A31494ED1D11CD1C007D34DD /* Products */,
			);
			sourceTree = "<group>";
		};
		A31494ED1D11CD1C007D34DD /* Products */ = {
			isa = PBXGroup;
			children = (
				A31494EC1D11CD1C007D34DD /* webrequest-test.app */,
			);
			name = Products;
			sourceTree = "<group>";
		};
		A31494EE1D11CD1C007D34DD /* webrequest-test */ = {
			isa = PBXGroup;
			children = (
				A326E38C1D1B00D100317AFD /* Model */,
				A31494EF1D11CD1C007D34DD /* AppDelegate.swift */,
				A31494F11D11CD1C007D34DD /* ViewController.swift */,
				A31494F31D11CD1C007D34DD /* Main.storyboard */,
				A31494F91D11CD1C007D34DD /* Assets.xcassets */,
				A31494FB1D11CD1C007D34DD /* LaunchScreen.storyboard */,
				A31494FE1D11CD1C007D34DD /* Info.plist */,
				A31494F61D11CD1C007D34DD /* webrequest_test.xcdatamodeld */,
			);
			path = "webrequest-test";
			sourceTree = "<group>";
		};
		A326E38C1D1B00D100317AFD /* Model */ = {
			isa = PBXGroup;
			children = (
				A326E38D1D1B00E400317AFD /* SWPerson.swift */,
			);
			name = Model;
			sourceTree = "<group>";
		};
/* End PBXGroup section */

/* Begin PBXNativeTarget section */
		A31494EB1D11CD1C007D34DD /* webrequest-test */ = {
			isa = PBXNativeTarget;
			buildConfigurationList = A31495011D11CD1C007D34DD /* Build configuration list for PBXNativeTarget "webrequest-test" */;
			buildPhases = (
				A31494E81D11CD1C007D34DD /* Sources */,
				A31494E91D11CD1C007D34DD /* Frameworks */,
				A31494EA1D11CD1C007D34DD /* Resources */,
			);
			buildRules = (
			);
			dependencies = (
			);
			name = "webrequest-test";
			productName = "webrequest-test";
			productReference = A31494EC1D11CD1C007D34DD /* webrequest-test.app */;
			productType = "com.apple.product-type.application";
		};
/* End PBXNativeTarget section */

/* Begin PBXProject section */
		A31494E41D11CD1C007D34DD /* Project object */ = {
			isa = PBXProject;
			attributes = {
				LastSwiftUpdateCheck = 0730;
				LastUpgradeCheck = 0730;
				ORGANIZATIONNAME = Techinator;
				TargetAttributes = {
					A31494EB1D11CD1C007D34DD = {
						CreatedOnToolsVersion = 7.3;
						DevelopmentTeam = KMTZDB3J22;
					};
				};
			};
			buildConfigurationList = A31494E71D11CD1C007D34DD /* Build configuration list for PBXProject "webrequest-test" */;
			compatibilityVersion = "Xcode 3.2";
			developmentRegion = English;
			hasScannedForEncodings = 0;
			knownRegions = (
				en,
				Base,
			);
			mainGroup = A31494E31D11CD1C007D34DD;
			productRefGroup = A31494ED1D11CD1C007D34DD /* Products */;
			projectDirPath = "";
			projectRoot = "";
			targets = (
				A31494EB1D11CD1C007D34DD /* webrequest-test */,
			);
		};
/* End PBXProject section */

/* Begin PBXResourcesBuildPhase section */
		A31494EA1D11CD1C007D34DD /* Resources */ = {
			isa = PBXResourcesBuildPhase;
			buildActionMask = 2147483647;
			files = (
				A31494FD1D11CD1C007D34DD /* LaunchScreen.storyboard in Resources */,
				A31494FA1D11CD1C007D34DD /* Assets.xcassets in Resources */,
				A31494F51D11CD1C007D34DD /* Main.storyboard in Resources */,
			);
			runOnlyForDeploymentPostprocessing = 0;
		};
/* End PBXResourcesBuildPhase section */

/* Begin PBXSourcesBuildPhase section */
		A31494E81D11CD1C007D34DD /* Sources */ = {
			isa = PBXSourcesBuildPhase;
			buildActionMask = 2147483647;
			files = (
				A31494F21D11CD1C007D34DD /* ViewController.swift in Sources */,
				A31494F81D11CD1C007D34DD /* webrequest_test.xcdatamodeld in Sources */,
				A326E38E1D1B00E400317AFD /* SWPerson.swift in Sources */,
				A31494F01D11CD1C007D34DD /* AppDelegate.swift in Sources */,
			);
			runOnlyForDeploymentPostprocessing = 0;
		};
/* End PBXSourcesBuildPhase section */

/* Begin PBXVariantGroup section */
		A31494F31D11CD1C007D34DD /* Main.storyboard */ = {
			isa = PBXVariantGroup;
			children = (
				A31494F41D11CD1C007D34DD /* Base */,
			);
			name = Main.storyboard;
			sourceTree = "<group>";
		};
		A31494FB1D11CD1C007D34DD /* LaunchScreen.storyboard */ = {
			isa = PBXVariantGroup;
			children = (
				A31494FC1D11CD1C007D34DD /* Base */,
			);
			name = LaunchScreen.storyboard;
			sourceTree = "<group>";
		};
/* End PBXVariantGroup section */

/* Begin XCBuildConfiguration section */
		A31494FF1D11CD1C007D34DD /* Debug */ = {
			isa = XCBuildConfiguration;
			buildSettings = {
				ALWAYS_SEARCH_USER_PATHS = NO;
				CLANG_ANALYZER_NONNULL = YES;
				CLANG_CXX_LANGUAGE_STANDARD = "gnu++0x";
				CLANG_CXX_LIBRARY = "libc++";
				CLANG_ENABLE_MODULES = YES;
				CLANG_ENABLE_OBJC_ARC = YES;
				CLANG_WARN_BOOL_CONVERSION = YES;
				CLANG_WARN_CONSTANT_CONVERSION = YES;
				CLANG_WARN_DIRECT_OBJC_ISA_USAGE = YES_ERROR;
				CLANG_WARN_EMPTY_BODY = YES;
				CLANG_WARN_ENUM_CONVERSION = YES;
				CLANG_WARN_INT_CONVERSION = YES;
				CLANG_WARN_OBJC_ROOT_CLASS = YES_ERROR;
				CLANG_WARN_UNREACHABLE_CODE = YES;
				CLANG_WARN__DUPLICATE_METHOD_MATCH = YES;
				"CODE_SIGN_IDENTITY[sdk=iphoneos*]" = "iPhone Developer";
				COPY_PHASE_STRIP = NO;
				DEBUG_INFORMATION_FORMAT = dwarf;
				ENABLE_STRICT_OBJC_MSGSEND = YES;
				ENABLE_TESTABILITY = YES;
				GCC_C_LANGUAGE_STANDARD = gnu99;
				GCC_DYNAMIC_NO_PIC = NO;
				GCC_NO_COMMON_BLOCKS = YES;
				GCC_OPTIMIZATION_LEVEL = 0;
				GCC_PREPROCESSOR_DEFINITIONS = (
					"DEBUG=1",
					"$(inherited)",
				);
				GCC_WARN_64_TO_32_BIT_CONVERSION = YES;
				GCC_WARN_ABOUT_RETURN_TYPE = YES_ERROR;
				GCC_WARN_UNDECLARED_SELECTOR = YES;
				GCC_WARN_UNINITIALIZED_AUTOS = YES_AGGRESSIVE;
				GCC_WARN_UNUSED_FUNCTION = YES;
				GCC_WARN_UNUSED_VARIABLE = YES;
				IPHONEOS_DEPLOYMENT_TARGET = 9.3;
				MTL_ENABLE_DEBUG_INFO = YES;
				ONLY_ACTIVE_ARCH = YES;
				SDKROOT = iphoneos;
				SWIFT_OPTIMIZATION_LEVEL = "-Onone";
				TARGETED_DEVICE_FAMILY = "1,2";
			};
			name = Debug;
		};
		A31495001D11CD1C007D34DD /* Release */ = {
			isa = XCBuildConfiguration;
			buildSettings = {
				ALWAYS_SEARCH_USER_PATHS = NO;
				CLANG_ANALYZER_NONNULL = YES;
				CLANG_CXX_LANGUAGE_STANDARD = "gnu++0x";
				CLANG_CXX_LIBRARY = "libc++";
				CLANG_ENABLE_MODULES = YES;
				CLANG_ENABLE_OBJC_ARC = YES;
				CLANG_WARN_BOOL_CONVERSION = YES;
				CLANG_WARN_CONSTANT_CONVERSION = YES;
				CLANG_WARN_DIRECT_OBJC_ISA_USAGE = YES_ERROR;
				CLANG_WARN_EMPTY_BODY = YES;
				CLANG_WARN_ENUM_CONVERSION = YES;
				CLANG_WARN_INT_CONVERSION = YES;
				CLANG_WARN_OBJC_ROOT_CLASS = YES_ERROR;
				CLANG_WARN_UNREACHABLE_CODE = YES;
				CLANG_WARN__DUPLICATE_METHOD_MATCH = YES;
				"CODE_SIGN_IDENTITY[sdk=iphoneos*]" = "iPhone Developer";
				COPY_PHASE_STRIP = NO;
				DEBUG_INFORMATION_FORMAT = "dwarf-with-dsym";
				ENABLE_NS_ASSERTIONS = NO;
				ENABLE_STRICT_OBJC_MSGSEND = YES;
				GCC_C_LANGUAGE_STANDARD = gnu99;
				GCC_NO_COMMON_BLOCKS = YES;
				GCC_WARN_64_TO_32_BIT_CONVERSION = YES;
				GCC_WARN_ABOUT_RETURN_TYPE = YES_ERROR;
				GCC_WARN_UNDECLARED_SELECTOR = YES;
				GCC_WARN_UNINITIALIZED_AUTOS = YES_AGGRESSIVE;
				GCC_WARN_UNUSED_FUNCTION = YES;
				GCC_WARN_UNUSED_VARIABLE = YES;
				IPHONEOS_DEPLOYMENT_TARGET = 9.3;
				MTL_ENABLE_DEBUG_INFO = NO;
				SDKROOT = iphoneos;
				TARGETED_DEVICE_FAMILY = "1,2";
				VALIDATE_PRODUCT = YES;
			};
			name = Release;
		};
		A31495021D11CD1C007D34DD /* Debug */ = {
			isa = XCBuildConfiguration;
			buildSettings = {
				ASSETCATALOG_COMPILER_APPICON_NAME = AppIcon;
				INFOPLIST_FILE = "webrequest-test/Info.plist";
				LD_RUNPATH_SEARCH_PATHS = "$(inherited) @executable_path/Frameworks";
				PRODUCT_BUNDLE_IDENTIFIER = "com.Techinator.webrequest-test";
				PRODUCT_NAME = "$(TARGET_NAME)";
			};
			name = Debug;
		};
		A31495031D11CD1C007D34DD /* Release */ = {
			isa = XCBuildConfiguration;
			buildSettings = {
				ASSETCATALOG_COMPILER_APPICON_NAME = AppIcon;
				INFOPLIST_FILE = "webrequest-test/Info.plist";
				LD_RUNPATH_SEARCH_PATHS = "$(inherited) @executable_path/Frameworks";
				PRODUCT_BUNDLE_IDENTIFIER = "com.Techinator.webrequest-test";
				PRODUCT_NAME = "$(TARGET_NAME)";
			};
			name = Release;
		};
/* End XCBuildConfiguration section */

/* Begin XCConfigurationList section */
		A31494E71D11CD1C007D34DD /* Build configuration list for PBXProject "webrequest-test" */ = {
			isa = XCConfigurationList;
			buildConfigurations = (
				A31494FF1D11CD1C007D34DD /* Debug */,
				A31495001D11CD1C007D34DD /* Release */,
			);
			defaultConfigurationIsVisible = 0;
			defaultConfigurationName = Release;
		};
		A31495011D11CD1C007D34DD /* Build configuration list for PBXNativeTarget "webrequest-test" */ = {
			isa = XCConfigurationList;
			buildConfigurations = (
				A31495021D11CD1C007D34DD /* Debug */,
				A31495031D11CD1C007D34DD /* Release */,
			);
			defaultConfigurationIsVisible = 0;
			defaultConfigurationName = Release;
		};
/* End XCConfigurationList section */

/* Begin XCVersionGroup section */
		A31494F61D11CD1C007D34DD /* webrequest_test.xcdatamodeld */ = {
			isa = XCVersionGroup;
			children = (
				A31494F71D11CD1C007D34DD /* webrequest_test.xcdatamodel */,
			);
			currentVersion = A31494F71D11CD1C007D34DD /* webrequest_test.xcdatamodel */;
			path = webrequest_test.xcdatamodeld;
			sourceTree = "<group>";
			versionGroupType = wrapper.xcdatamodel;
		};
/* End XCVersionGroup section */
	};
	rootObject = A31494E41D11CD1C007D34DD /* Project object */;
}
